
Microsoft Visual Studio Solution File, Format Version 12.00
# Visual Studio Version 17
VisualStudioVersion = 17.6.33723.286
MinimumVisualStudioVersion = 10.0.40219.1
Project("{9A19103F-16F7-4668-BE54-9A1E7A4F7556}") = "dnu_ui", "dnu_ui.csproj", "{2617542B-B3A2-4111-A440-D3997EB4A508}"
EndProject
Project("{9A19103F-16F7-4668-BE54-9A1E7A4F7556}") = "dnu_ui.Desktop", "..\dnu_ui.Desktop\dnu_ui.Desktop.csproj", "{E0D9D1D1-3F0D-4737-A9A7-40FFEF918C71}"
EndProject
Global
	GlobalSection(SolutionConfigurationPlatforms) = preSolution
		Debug|Any CPU = Debug|Any CPU
		Release|Any CPU = Release|Any CPU
	EndGlobalSection
	GlobalSection(ProjectConfigurationPlatforms) = postSolution
		{2617542B-B3A2-4111-A440-D3997EB4A508}.Debug|Any CPU.ActiveCfg = Debug|Any CPU
		{2617542B-B3A2-4111-A440-D3997EB4A508}.Debug|Any CPU.Build.0 = Debug|Any CPU
		{2617542B-B3A2-4111-A440-D3997EB4A508}.Release|Any CPU.ActiveCfg = Release|Any CPU
		{2617542B-B3A2-4111-A440-D3997EB4A508}.Release|Any CPU.Build.0 = Release|Any CPU
		{E0D9D1D1-3F0D-4737-A9A7-40FFEF918C71}.Debug|Any CPU.ActiveCfg = Debug|Any CPU
		{E0D9D1D1-3F0D-4737-A9A7-40FFEF918C71}.Debug|Any CPU.Build.0 = Debug|Any CPU
		{E0D9D1D1-3F0D-4737-A9A7-40FFEF918C71}.Release|Any CPU.ActiveCfg = Release|Any CPU
		{E0D9D1D1-3F0D-4737-A9A7-40FFEF918C71}.Release|Any CPU.Build.0 = Release|Any CPU
	EndGlobalSection
	GlobalSection(SolutionProperties) = preSolution
		HideSolutionNode = FALSE
	EndGlobalSection
	GlobalSection(ExtensibilityGlobals) = postSolution
		SolutionGuid = {73BF1A56-355B-4B3F-830D-B2182FD80B79}
	EndGlobalSection
EndGlobal
